{
  "name": "bizmanager",
  "lockfileVersion": 3,
  "requires": true,
  "packages": {
    "": {
      "dependencies": {
        "@expo-google-fonts/montserrat": "^0.4.1"
      }
    },
    "node_modules/@expo-google-fonts/montserrat": {
      "version": "0.4.1",
      "resolved": "https://registry.npmjs.org/@expo-google-fonts/montserrat/-/montserrat-0.4.1.tgz",
      "integrity": "sha512-jc1d17tadLK3Nc/qIKYyOM2pnxmdZrlPFOJtmNT0qzFdUe4Pzq1Y1eQwvCMSProRbQqsosASRZ/N3mzl6pmC+g==",
      "license": "MIT AND OFL-1.1"
    }
  }
}
